
Microsoft Visual Studio Solution File, Format Version 12.00
# Visual Studio 15
VisualStudioVersion = 15.0.27703.2042
MinimumVisualStudioVersion = 10.0.40219.1
Project("{FAE04EC0-301F-11D3-BF4B-00C04F79EFBC}") = "WebProvaAspCore", "WebProvaAspCore\WebProvaAspCore.csproj", "{36F458F1-0091-49B4-A5D8-FDB27DE3CDDA}"
EndProject
Global
	GlobalSection(SolutionConfigurationPlatforms) = preSolution
		Debug|Any CPU = Debug|Any CPU
		Release|Any CPU = Release|Any CPU
	EndGlobalSection
	GlobalSection(ProjectConfigurationPlatforms) = postSolution
		{36F458F1-0091-49B4-A5D8-FDB27DE3CDDA}.Debug|Any CPU.ActiveCfg = Debug|Any CPU
		{36F458F1-0091-49B4-A5D8-FDB27DE3CDDA}.Debug|Any CPU.Build.0 = Debug|Any CPU
		{36F458F1-0091-49B4-A5D8-FDB27DE3CDDA}.Release|Any CPU.ActiveCfg = Release|Any CPU
		{36F458F1-0091-49B4-A5D8-FDB27DE3CDDA}.Release|Any CPU.Build.0 = Release|Any CPU
	EndGlobalSection
	GlobalSection(SolutionProperties) = preSolution
		HideSolutionNode = FALSE
	EndGlobalSection
	GlobalSection(ExtensibilityGlobals) = postSolution
		SolutionGuid = {7601C0F4-25D8-4072-A311-F66444584DD8}
	EndGlobalSection
EndGlobal
